<Solution>
  <Folder Name="/Solution Items/" />
  <Folder Name="/Solution Items/SQL/">
    <File Path="SQL/2026-09-08 Initial Schema.sql" />
  </Folder>
  <Project Path="CornerstoneZearing.Data/CornerstoneZearing.Data.csproj" />
  <Project Path="CornerstoneZearing.Web/CornerstoneZearing.Web.csproj" />
</Solution>
