
Microsoft Visual Studio Solution File, Format Version 12.00
# Visual Studio Version 17
VisualStudioVersion = 17.14.36623.8
MinimumVisualStudioVersion = 10.0.40219.1
Project("{FAE04EC0-301F-11D3-BF4B-00C04F79EFBC}") = "CornerstoneZearing.Website", "CornerstoneZearing.Website\CornerstoneZearing.Website.csproj", "{92870159-9F05-4CBF-9F5F-D797CABA70D1}"
EndProject
Project("{FAE04EC0-301F-11D3-BF4B-00C04F79EFBC}") = "CornerstoneZearing.Data", "CornerstoneZearing.Data\CornerstoneZearing.Data.csproj", "{750AEFC0-ABEA-44AD-976F-19D28D516A6F}"
EndProject
Project("{FAE04EC0-301F-11D3-BF4B-00C04F79EFBC}") = "CornerstoneZearing.Common", "CornerstoneZearing.Common\CornerstoneZearing.Common.csproj", "{3B0F498F-6032-462A-B3D2-56971F976EDD}"
EndProject
Global
	GlobalSection(SolutionConfigurationPlatforms) = preSolution
		Debug|Any CPU = Debug|Any CPU
		Release|Any CPU = Release|Any CPU
	EndGlobalSection
	GlobalSection(ProjectConfigurationPlatforms) = postSolution
		{92870159-9F05-4CBF-9F5F-D797CABA70D1}.Debug|Any CPU.ActiveCfg = Debug|Any CPU
		{92870159-9F05-4CBF-9F5F-D797CABA70D1}.Debug|Any CPU.Build.0 = Debug|Any CPU
		{92870159-9F05-4CBF-9F5F-D797CABA70D1}.Release|Any CPU.ActiveCfg = Release|Any CPU
		{92870159-9F05-4CBF-9F5F-D797CABA70D1}.Release|Any CPU.Build.0 = Release|Any CPU
		{750AEFC0-ABEA-44AD-976F-19D28D516A6F}.Debug|Any CPU.ActiveCfg = Debug|Any CPU
		{750AEFC0-ABEA-44AD-976F-19D28D516A6F}.Debug|Any CPU.Build.0 = Debug|Any CPU
		{750AEFC0-ABEA-44AD-976F-19D28D516A6F}.Release|Any CPU.ActiveCfg = Release|Any CPU
		{750AEFC0-ABEA-44AD-976F-19D28D516A6F}.Release|Any CPU.Build.0 = Release|Any CPU
		{3B0F498F-6032-462A-B3D2-56971F976EDD}.Debug|Any CPU.ActiveCfg = Debug|Any CPU
		{3B0F498F-6032-462A-B3D2-56971F976EDD}.Debug|Any CPU.Build.0 = Debug|Any CPU
		{3B0F498F-6032-462A-B3D2-56971F976EDD}.Release|Any CPU.ActiveCfg = Release|Any CPU
		{3B0F498F-6032-462A-B3D2-56971F976EDD}.Release|Any CPU.Build.0 = Release|Any CPU
	EndGlobalSection
	GlobalSection(SolutionProperties) = preSolution
		HideSolutionNode = FALSE
	EndGlobalSection
	GlobalSection(ExtensibilityGlobals) = postSolution
		SolutionGuid = {E1E3C9FA-A91C-415E-A3BA-A1277735778D}
	EndGlobalSection
EndGlobal
